// !$*UTF8*$!
{
	archiveVersion = 1;
	classes = {
	};
	objectVersion = 46;
	objects = {

/* Begin PBXBuildFile section */
		4A3A78B51D5C6E1200AF9175 /* main.m in Sources */ = {isa = PBXBuildFile; fileRef = 4A3A78B41D5C6E1200AF9175 /* main.m */; };
		4A3A78B81D5C6E1200AF9175 /* AppDelegate.m in Sources */ = {isa = PBXBuildFile; fileRef = 4A3A78B71D5C6E1200AF9175 /* AppDelegate.m */; };
		4A3A78BB1D5C6E1200AF9175 /* ViewController.m in Sources */ = {isa = PBXBuildFile; fileRef = 4A3A78BA1D5C6E1200AF9175 /* ViewController.m */; };
		4A3A78BE1D5C6E1200AF9175 /* Main.storyboard in Resources */ = {isa = PBXBuildFile; fileRef = 4A3A78BC1D5C6E1200AF9175 /* Main.storyboard */; };
		4A3A78C01D5C6E1200AF9175 /* Assets.xcassets in Resources */ = {isa = PBXBuildFile; fileRef = 4A3A78BF1D5C6E1200AF9175 /* Assets.xcassets */; };
		4A3A78C31D5C6E1200AF9175 /* LaunchScreen.storyboard in Resources */ = {isa = PBXBuildFile; fileRef = 4A3A78C11D5C6E1200AF9175 /* LaunchScreen.storyboard */; };
		4A3A78CE1D5C6E1200AF9175 /* wkWebViewTests.m in Sources */ = {isa = PBXBuildFile; fileRef = 4A3A78CD1D5C6E1200AF9175 /* wkWebViewTests.m */; };
		4A3A78D91D5C6E2C00AF9175 /* WebKit.framework in Frameworks */ = {isa = PBXBuildFile; fileRef = 4A3A78D81D5C6E2C00AF9175 /* WebKit.framework */; };
/* End PBXBuildFile section */

/* Begin PBXContainerItemProxy section */
		4A3A78CA1D5C6E1200AF9175 /* PBXContainerItemProxy */ = {
			isa = PBXContainerItemProxy;
			containerPortal = 4A3A78A81D5C6E1200AF9175 /* Project object */;
			proxyType = 1;
			remoteGlobalIDString = 4A3A78AF1D5C6E1200AF9175;
			remoteInfo = wkWebView;
		};
/* End PBXContainerItemProxy section */

/* Begin PBXFileReference section */
		4A3A78B01D5C6E1200AF9175 /* wkWebView.app */ = {isa = PBXFileReference; explicitFileType = wrapper.application; includeInIndex = 0; path = wkWebView.app; sourceTree = BUILT_PRODUCTS_DIR; };
		4A3A78B41D5C6E1200AF9175 /* main.m */ = {isa = PBXFileReference; lastKnownFileType = sourcecode.c.objc; path = main.m; sourceTree = "<group>"; };
		4A3A78B61D5C6E1200AF9175 /* AppDelegate.h */ = {isa = PBXFileReference; lastKnownFileType = sourcecode.c.h; path = AppDelegate.h; sourceTree = "<group>"; };
		4A3A78B71D5C6E1200AF9175 /* AppDelegate.m */ = {isa = PBXFileReference; lastKnownFileType = sourcecode.c.objc; path = AppDelegate.m; sourceTree = "<group>"; };
		4A3A78B91D5C6E1200AF9175 /* ViewController.h */ = {isa = PBXFileReference; lastKnownFileType = sourcecode.c.h; path = ViewController.h; sourceTree = "<group>"; };
		4A3A78BA1D5C6E1200AF9175 /* ViewController.m */ = {isa = PBXFileReference; lastKnownFileType = sourcecode.c.objc; path = ViewController.m; sourceTree = "<group>"; };
		4A3A78BD1D5C6E1200AF9175 /* Base */ = {isa = PBXFileReference; lastKnownFileType = file.storyboard; name = Base; path = Base.lproj/Main.storyboard; sourceTree = "<group>"; };
		4A3A78BF1D5C6E1200AF9175 /* Assets.xcassets */ = {isa = PBXFileReference; lastKnownFileType = folder.assetcatalog; path = Assets.xcassets; sourceTree = "<group>"; };
		4A3A78C21D5C6E1200AF9175 /* Base */ = {isa = PBXFileReference; lastKnownFileType = file.storyboard; name = Base; path = Base.lproj/LaunchScreen.storyboard; sourceTree = "<group>"; };
		4A3A78C41D5C6E1200AF9175 /* Info.plist */ = {isa = PBXFileReference; lastKnownFileType = text.plist.xml; path = Info.plist; sourceTree = "<group>"; };
		4A3A78C91D5C6E1200AF9175 /* wkWebViewTests.xctest */ = {isa = PBXFileReference; explicitFileType = wrapper.cfbundle; includeInIndex = 0; path = wkWebViewTests.xctest; sourceTree = BUILT_PRODUCTS_DIR; };
		4A3A78CD1D5C6E1200AF9175 /* wkWebViewTests.m */ = {isa = PBXFileReference; lastKnownFileType = sourcecode.c.objc; path = wkWebViewTests.m; sourceTree = "<group>"; };
		4A3A78CF1D5C6E1200AF9175 /* Info.plist */ = {isa = PBXFileReference; lastKnownFileType = text.plist.xml; path = Info.plist; sourceTree = "<group>"; };
		4A3A78D81D5C6E2C00AF9175 /* WebKit.framework */ = {isa = PBXFileReference; lastKnownFileType = wrapper.framework; name = WebKit.framework; path = System/Library/Frameworks/WebKit.framework; sourceTree = SDKROOT; };
/* End PBXFileReference section */

/* Begin PBXFrameworksBuildPhase section */
		4A3A78AD1D5C6E1200AF9175 /* Frameworks */ = {
			isa = PBXFrameworksBuildPhase;
			buildActionMask = 2147483647;
			files = (
				4A3A78D91D5C6E2C00AF9175 /* WebKit.framework in Frameworks */,
			);
			runOnlyForDeploymentPostprocessing = 0;
		};
		4A3A78C61D5C6E1200AF9175 /* Frameworks */ = {
			isa = PBXFrameworksBuildPhase;
			buildActionMask = 2147483647;
			files = (
			);
			runOnlyForDeploymentPostprocessing = 0;
		};
/* End PBXFrameworksBuildPhase section */

/* Begin PBXGroup section */
		4A3A78A71D5C6E1200AF9175 = {
			isa = PBXGroup;
			children = (
				4A3A78D81D5C6E2C00AF9175 /* WebKit.framework */,
				4A3A78B21D5C6E1200AF9175 /* wkWebView */,
				4A3A78CC1D5C6E1200AF9175 /* wkWebViewTests */,
				4A3A78B11D5C6E1200AF9175 /* Products */,
			);
			sourceTree = "<group>";
		};
		4A3A78B11D5C6E1200AF9175 /* Products */ = {
			isa = PBXGroup;
			children = (
				4A3A78B01D5C6E1200AF9175 /* wkWebView.app */,
				4A3A78C91D5C6E1200AF9175 /* wkWebViewTests.xctest */,
			);
			name = Products;
			sourceTree = "<group>";
		};
		4A3A78B21D5C6E1200AF9175 /* wkWebView */ = {
			isa = PBXGroup;
			children = (
				4A3A78B61D5C6E1200AF9175 /* AppDelegate.h */,
				4A3A78B71D5C6E1200AF9175 /* AppDelegate.m */,
				4A3A78B91D5C6E1200AF9175 /* ViewController.h */,
				4A3A78BA1D5C6E1200AF9175 /* ViewController.m */,
				4A3A78BC1D5C6E1200AF9175 /* Main.storyboard */,
				4A3A78BF1D5C6E1200AF9175 /* Assets.xcassets */,
				4A3A78C11D5C6E1200AF9175 /* LaunchScreen.storyboard */,
				4A3A78C41D5C6E1200AF9175 /* Info.plist */,
				4A3A78B31D5C6E1200AF9175 /* Supporting Files */,
			);
			path = wkWebView;
			sourceTree = "<group>";
		};
		4A3A78B31D5C6E1200AF9175 /* Supporting Files */ = {
			isa = PBXGroup;
			children = (
				4A3A78B41D5C6E1200AF9175 /* main.m */,
			);
			name = "Supporting Files";
			sourceTree = "<group>";
		};
		4A3A78CC1D5C6E1200AF9175 /* wkWebViewTests */ = {
			isa = PBXGroup;
			children = (
				4A3A78CD1D5C6E1200AF9175 /* wkWebViewTests.m */,
				4A3A78CF1D5C6E1200AF9175 /* Info.plist */,
			);
			path = wkWebViewTests;
			sourceTree = "<group>";
		};
/* End PBXGroup section */

/* Begin PBXNativeTarget section */
		4A3A78AF1D5C6E1200AF9175 /* wkWebView */ = {
			isa = PBXNativeTarget;
			buildConfigurationList = 4A3A78D21D5C6E1200AF9175 /* Build configuration list for PBXNativeTarget "wkWebView" */;
			buildPhases = (
				4A3A78AC1D5C6E1200AF9175 /* Sources */,
				4A3A78AD1D5C6E1200AF9175 /* Frameworks */,
				4A3A78AE1D5C6E1200AF9175 /* Resources */,
			);
			buildRules = (
			);
			dependencies = (
			);
			name = wkWebView;
			productName = wkWebView;
			productReference = 4A3A78B01D5C6E1200AF9175 /* wkWebView.app */;
			productType = "com.apple.product-type.application";
		};
		4A3A78C81D5C6E1200AF9175 /* wkWebViewTests */ = {
			isa = PBXNativeTarget;
			buildConfigurationList = 4A3A78D51D5C6E1200AF9175 /* Build configuration list for PBXNativeTarget "wkWebViewTests" */;
			buildPhases = (
				4A3A78C51D5C6E1200AF9175 /* Sources */,
				4A3A78C61D5C6E1200AF9175 /* Frameworks */,
				4A3A78C71D5C6E1200AF9175 /* Resources */,
			);
			buildRules = (
			);
			dependencies = (
				4A3A78CB1D5C6E1200AF9175 /* PBXTargetDependency */,
			);
			name = wkWebViewTests;
			productName = wkWebViewTests;
			productReference = 4A3A78C91D5C6E1200AF9175 /* wkWebViewTests.xctest */;
			productType = "com.apple.product-type.bundle.unit-test";
		};
/* End PBXNativeTarget section */

/* Begin PBXProject section */
		4A3A78A81D5C6E1200AF9175 /* Project object */ = {
			isa = PBXProject;
			attributes = {
				LastUpgradeCheck = 0720;
				ORGANIZATIONNAME = BlackBird;
				TargetAttributes = {
					4A3A78AF1D5C6E1200AF9175 = {
						CreatedOnToolsVersion = 7.2;
					};
					4A3A78C81D5C6E1200AF9175 = {
						CreatedOnToolsVersion = 7.2;
						TestTargetID = 4A3A78AF1D5C6E1200AF9175;
					};
				};
			};
			buildConfigurationList = 4A3A78AB1D5C6E1200AF9175 /* Build configuration list for PBXProject "wkWebView" */;
			compatibilityVersion = "Xcode 3.2";
			developmentRegion = English;
			hasScannedForEncodings = 0;
			knownRegions = (
				en,
				Base,
			);
			mainGroup = 4A3A78A71D5C6E1200AF9175;
			productRefGroup = 4A3A78B11D5C6E1200AF9175 /* Products */;
			projectDirPath = "";
			projectRoot = "";
			targets = (
				4A3A78AF1D5C6E1200AF9175 /* wkWebView */,
				4A3A78C81D5C6E1200AF9175 /* wkWebViewTests */,
			);
		};
/* End PBXProject section */

/* Begin PBXResourcesBuildPhase section */
		4A3A78AE1D5C6E1200AF9175 /* Resources */ = {
			isa = PBXResourcesBuildPhase;
			buildActionMask = 2147483647;
			files = (
				4A3A78C31D5C6E1200AF9175 /* LaunchScreen.storyboard in Resources */,
				4A3A78C01D5C6E1200AF9175 /* Assets.xcassets in Resources */,
				4A3A78BE1D5C6E1200AF9175 /* Main.storyboard in Resources */,
			);
			runOnlyForDeploymentPostprocessing = 0;
		};
		4A3A78C71D5C6E1200AF9175 /* Resources */ = {
			isa = PBXResourcesBuildPhase;
			buildActionMask = 2147483647;
			files = (
			);
			runOnlyForDeploymentPostprocessing = 0;
		};
/* End PBXResourcesBuildPhase section */

/* Begin PBXSourcesBuildPhase section */
		4A3A78AC1D5C6E1200AF9175 /* Sources */ = {
			isa = PBXSourcesBuildPhase;
			buildActionMask = 2147483647;
			files = (
				4A3A78BB1D5C6E1200AF9175 /* ViewController.m in Sources */,
				4A3A78B81D5C6E1200AF9175 /* AppDelegate.m in Sources */,
				4A3A78B51D5C6E1200AF9175 /* main.m in Sources */,
			);
			runOnlyForDeploymentPostprocessing = 0;
		};
		4A3A78C51D5C6E1200AF9175 /* Sources */ = {
			isa = PBXSourcesBuildPhase;
			buildActionMask = 2147483647;
			files = (
				4A3A78CE1D5C6E1200AF9175 /* wkWebViewTests.m in Sources */,
			);
			runOnlyForDeploymentPostprocessing = 0;
		};
/* End PBXSourcesBuildPhase section */

/* Begin PBXTargetDependency section */
		4A3A78CB1D5C6E1200AF9175 /* PBXTargetDependency */ = {
			isa = PBXTargetDependency;
			target = 4A3A78AF1D5C6E1200AF9175 /* wkWebView */;
			targetProxy = 4A3A78CA1D5C6E1200AF9175 /* PBXContainerItemProxy */;
		};
/* End PBXTargetDependency section */

/* Begin PBXVariantGroup section */
		4A3A78BC1D5C6E1200AF9175 /* Main.storyboard */ = {
			isa = PBXVariantGroup;
			children = (
				4A3A78BD1D5C6E1200AF9175 /* Base */,
			);
			name = Main.storyboard;
			sourceTree = "<group>";
		};
		4A3A78C11D5C6E1200AF9175 /* LaunchScreen.storyboard */ = {
			isa = PBXVariantGroup;
			children = (
				4A3A78C21D5C6E1200AF9175 /* Base */,
			);
			name = LaunchScreen.storyboard;
			sourceTree = "<group>";
		};
/* End PBXVariantGroup section */

/* Begin XCBuildConfiguration section */
		4A3A78D01D5C6E1200AF9175 /* Debug */ = {
			isa = XCBuildConfiguration;
			buildSettings = {
				ALWAYS_SEARCH_USER_PATHS = NO;
				CLANG_CXX_LANGUAGE_STANDARD = "gnu++0x";
				CLANG_CXX_LIBRARY = "libc++";
				CLANG_ENABLE_MODULES = YES;
				CLANG_ENABLE_OBJC_ARC = YES;
				CLANG_WARN_BOOL_CONVERSION = YES;
				CLANG_WARN_CONSTANT_CONVERSION = YES;
				CLANG_WARN_DIRECT_OBJC_ISA_USAGE = YES_ERROR;
				CLANG_WARN_EMPTY_BODY = YES;
				CLANG_WARN_ENUM_CONVERSION = YES;
				CLANG_WARN_INT_CONVERSION = YES;
				CLANG_WARN_OBJC_ROOT_CLASS = YES_ERROR;
				CLANG_WARN_UNREACHABLE_CODE = YES;
				CLANG_WARN__DUPLICATE_METHOD_MATCH = YES;
				"CODE_SIGN_IDENTITY[sdk=iphoneos*]" = "iPhone Developer";
				COPY_PHASE_STRIP = NO;
				DEBUG_INFORMATION_FORMAT = dwarf;
				ENABLE_STRICT_OBJC_MSGSEND = YES;
				ENABLE_TESTABILITY = YES;
				GCC_C_LANGUAGE_STANDARD = gnu99;
				GCC_DYNAMIC_NO_PIC = NO;
				GCC_NO_COMMON_BLOCKS = YES;
				GCC_OPTIMIZATION_LEVEL = 0;
				GCC_PREPROCESSOR_DEFINITIONS = (
					"DEBUG=1",
					"$(inherited)",
				);
				GCC_WARN_64_TO_32_BIT_CONVERSION = YES;
				GCC_WARN_ABOUT_RETURN_TYPE = YES_ERROR;
				GCC_WARN_UNDECLARED_SELECTOR = YES;
				GCC_WARN_UNINITIALIZED_AUTOS = YES_AGGRESSIVE;
				GCC_WARN_UNUSED_FUNCTION = YES;
				GCC_WARN_UNUSED_VARIABLE = YES;
				IPHONEOS_DEPLOYMENT_TARGET = 9.2;
				MTL_ENABLE_DEBUG_INFO = YES;
				ONLY_ACTIVE_ARCH = YES;
				SDKROOT = iphoneos;
			};
			name = Debug;
		};
		4A3A78D11D5C6E1200AF9175 /* Release */ = {
			isa = XCBuildConfiguration;
			buildSettings = {
				ALWAYS_SEARCH_USER_PATHS = NO;
				CLANG_CXX_LANGUAGE_STANDARD = "gnu++0x";
				CLANG_CXX_LIBRARY = "libc++";
				CLANG_ENABLE_MODULES = YES;
				CLANG_ENABLE_OBJC_ARC = YES;
				CLANG_WARN_BOOL_CONVERSION = YES;
				CLANG_WARN_CONSTANT_CONVERSION = YES;
				CLANG_WARN_DIRECT_OBJC_ISA_USAGE = YES_ERROR;
				CLANG_WARN_EMPTY_BODY = YES;
				CLANG_WARN_ENUM_CONVERSION = YES;
				CLANG_WARN_INT_CONVERSION = YES;
				CLANG_WARN_OBJC_ROOT_CLASS = YES_ERROR;
				CLANG_WARN_UNREACHABLE_CODE = YES;
				CLANG_WARN__DUPLICATE_METHOD_MATCH = YES;
				"CODE_SIGN_IDENTITY[sdk=iphoneos*]" = "iPhone Developer";
				COPY_PHASE_STRIP = NO;
				DEBUG_INFORMATION_FORMAT = "dwarf-with-dsym";
				ENABLE_NS_ASSERTIONS = NO;
				ENABLE_STRICT_OBJC_MSGSEND = YES;
				GCC_C_LANGUAGE_STANDARD = gnu99;
				GCC_NO_COMMON_BLOCKS = YES;
				GCC_WARN_64_TO_32_BIT_CONVERSION = YES;
				GCC_WARN_ABOUT_RETURN_TYPE = YES_ERROR;
				GCC_WARN_UNDECLARED_SELECTOR = YES;
				GCC_WARN_UNINITIALIZED_AUTOS = YES_AGGRESSIVE;
				GCC_WARN_UNUSED_FUNCTION = YES;
				GCC_WARN_UNUSED_VARIABLE = YES;
				IPHONEOS_DEPLOYMENT_TARGET = 9.2;
				MTL_ENABLE_DEBUG_INFO = NO;
				SDKROOT = iphoneos;
				VALIDATE_PRODUCT = YES;
			};
			name = Release;
		};
		4A3A78D31D5C6E1200AF9175 /* Debug */ = {
			isa = XCBuildConfiguration;
			buildSettings = {
				ASSETCATALOG_COMPILER_APPICON_NAME = AppIcon;
				INFOPLIST_FILE = wkWebView/Info.plist;
				LD_RUNPATH_SEARCH_PATHS = "$(inherited) @executable_path/Frameworks";
				PRODUCT_BUNDLE_IDENTIFIER = BlackBird.wkWebView;
				PRODUCT_NAME = "$(TARGET_NAME)";
			};
			name = Debug;
		};
		4A3A78D41D5C6E1200AF9175 /* Release */ = {
			isa = XCBuildConfiguration;
			buildSettings = {
				ASSETCATALOG_COMPILER_APPICON_NAME = AppIcon;
				INFOPLIST_FILE = wkWebView/Info.plist;
				LD_RUNPATH_SEARCH_PATHS = "$(inherited) @executable_path/Frameworks";
				PRODUCT_BUNDLE_IDENTIFIER = BlackBird.wkWebView;
				PRODUCT_NAME = "$(TARGET_NAME)";
			};
			name = Release;
		};
		4A3A78D61D5C6E1200AF9175 /* Debug */ = {
			isa = XCBuildConfiguration;
			buildSettings = {
				BUNDLE_LOADER = "$(TEST_HOST)";
				INFOPLIST_FILE = wkWebViewTests/Info.plist;
				LD_RUNPATH_SEARCH_PATHS = "$(inherited) @executable_path/Frameworks @loader_path/Frameworks";
				PRODUCT_BUNDLE_IDENTIFIER = BlackBird.wkWebViewTests;
				PRODUCT_NAME = "$(TARGET_NAME)";
				TEST_HOST = "$(BUILT_PRODUCTS_DIR)/wkWebView.app/wkWebView";
			};
			name = Debug;
		};
		4A3A78D71D5C6E1200AF9175 /* Release */ = {
			isa = XCBuildConfiguration;
			buildSettings = {
				BUNDLE_LOADER = "$(TEST_HOST)";
				INFOPLIST_FILE = wkWebViewTests/Info.plist;
				LD_RUNPATH_SEARCH_PATHS = "$(inherited) @executable_path/Frameworks @loader_path/Frameworks";
				PRODUCT_BUNDLE_IDENTIFIER = BlackBird.wkWebViewTests;
				PRODUCT_NAME = "$(TARGET_NAME)";
				TEST_HOST = "$(BUILT_PRODUCTS_DIR)/wkWebView.app/wkWebView";
			};
			name = Release;
		};
/* End XCBuildConfiguration section */

/* Begin XCConfigurationList section */
		4A3A78AB1D5C6E1200AF9175 /* Build configuration list for PBXProject "wkWebView" */ = {
			isa = XCConfigurationList;
			buildConfigurations = (
				4A3A78D01D5C6E1200AF9175 /* Debug */,
				4A3A78D11D5C6E1200AF9175 /* Release */,
			);
			defaultConfigurationIsVisible = 0;
			defaultConfigurationName = Release;
		};
		4A3A78D21D5C6E1200AF9175 /* Build configuration list for PBXNativeTarget "wkWebView" */ = {
			isa = XCConfigurationList;
			buildConfigurations = (
				4A3A78D31D5C6E1200AF9175 /* Debug */,
				4A3A78D41D5C6E1200AF9175 /* Release */,
			);
			defaultConfigurationIsVisible = 0;
		};
		4A3A78D51D5C6E1200AF9175 /* Build configuration list for PBXNativeTarget "wkWebViewTests" */ = {
			isa = XCConfigurationList;
			buildConfigurations = (
				4A3A78D61D5C6E1200AF9175 /* Debug */,
				4A3A78D71D5C6E1200AF9175 /* Release */,
			);
			defaultConfigurationIsVisible = 0;
		};
/* End XCConfigurationList section */
	};
	rootObject = 4A3A78A81D5C6E1200AF9175 /* Project object */;
}
